// !$*UTF8*$!
{
	archiveVersion = 1;
	classes = {
	};
	objectVersion = 56;
	objects = {

/* Begin PBXBuildFile section */
		4060A01D2C17A71D00E6EBE8 /* Aula03App.swift in Sources */ = {isa = PBXBuildFile; fileRef = 4060A01C2C17A71D00E6EBE8 /* Aula03App.swift */; };
		4060A01F2C17A71D00E6EBE8 /* ContentView.swift in Sources */ = {isa = PBXBuildFile; fileRef = 4060A01E2C17A71D00E6EBE8 /* ContentView.swift */; };
		4060A0212C17A72000E6EBE8 /* Assets.xcassets in Resources */ = {isa = PBXBuildFile; fileRef = 4060A0202C17A72000E6EBE8 /* Assets.xcassets */; };
		4060A0242C17A72000E6EBE8 /* Preview Assets.xcassets in Resources */ = {isa = PBXBuildFile; fileRef = 4060A0232C17A72000E6EBE8 /* Preview Assets.xcassets */; };
		4060A02E2C17A72000E6EBE8 /* Aula03Tests.swift in Sources */ = {isa = PBXBuildFile; fileRef = 4060A02D2C17A72000E6EBE8 /* Aula03Tests.swift */; };
		4060A0382C17A72000E6EBE8 /* Aula03UITests.swift in Sources */ = {isa = PBXBuildFile; fileRef = 4060A0372C17A72000E6EBE8 /* Aula03UITests.swift */; };
		4060A03A2C17A72000E6EBE8 /* Aula03UITestsLaunchTests.swift in Sources */ = {isa = PBXBuildFile; fileRef = 4060A0392C17A72000E6EBE8 /* Aula03UITestsLaunchTests.swift */; };
/* End PBXBuildFile section */

/* Begin PBXContainerItemProxy section */
		4060A02A2C17A72000E6EBE8 /* PBXContainerItemProxy */ = {
			isa = PBXContainerItemProxy;
			containerPortal = 4060A0112C17A71D00E6EBE8 /* Project object */;
			proxyType = 1;
			remoteGlobalIDString = 4060A0182C17A71D00E6EBE8;
			remoteInfo = Aula03;
		};
		4060A0342C17A72000E6EBE8 /* PBXContainerItemProxy */ = {
			isa = PBXContainerItemProxy;
			containerPortal = 4060A0112C17A71D00E6EBE8 /* Project object */;
			proxyType = 1;
			remoteGlobalIDString = 4060A0182C17A71D00E6EBE8;
			remoteInfo = Aula03;
		};
/* End PBXContainerItemProxy section */

/* Begin PBXFileReference section */
		4060A0192C17A71D00E6EBE8 /* Aula03.app */ = {isa = PBXFileReference; explicitFileType = wrapper.application; includeInIndex = 0; path = Aula03.app; sourceTree = BUILT_PRODUCTS_DIR; };
		4060A01C2C17A71D00E6EBE8 /* Aula03App.swift */ = {isa = PBXFileReference; lastKnownFileType = sourcecode.swift; path = Aula03App.swift; sourceTree = "<group>"; };
		4060A01E2C17A71D00E6EBE8 /* ContentView.swift */ = {isa = PBXFileReference; lastKnownFileType = sourcecode.swift; path = ContentView.swift; sourceTree = "<group>"; };
		4060A0202C17A72000E6EBE8 /* Assets.xcassets */ = {isa = PBXFileReference; lastKnownFileType = folder.assetcatalog; path = Assets.xcassets; sourceTree = "<group>"; };
		4060A0232C17A72000E6EBE8 /* Preview Assets.xcassets */ = {isa = PBXFileReference; lastKnownFileType = folder.assetcatalog; path = "Preview Assets.xcassets"; sourceTree = "<group>"; };
		4060A0292C17A72000E6EBE8 /* Aula03Tests.xctest */ = {isa = PBXFileReference; explicitFileType = wrapper.cfbundle; includeInIndex = 0; path = Aula03Tests.xctest; sourceTree = BUILT_PRODUCTS_DIR; };
		4060A02D2C17A72000E6EBE8 /* Aula03Tests.swift */ = {isa = PBXFileReference; lastKnownFileType = sourcecode.swift; path = Aula03Tests.swift; sourceTree = "<group>"; };
		4060A0332C17A72000E6EBE8 /* Aula03UITests.xctest */ = {isa = PBXFileReference; explicitFileType = wrapper.cfbundle; includeInIndex = 0; path = Aula03UITests.xctest; sourceTree = BUILT_PRODUCTS_DIR; };
		4060A0372C17A72000E6EBE8 /* Aula03UITests.swift */ = {isa = PBXFileReference; lastKnownFileType = sourcecode.swift; path = Aula03UITests.swift; sourceTree = "<group>"; };
		4060A0392C17A72000E6EBE8 /* Aula03UITestsLaunchTests.swift */ = {isa = PBXFileReference; lastKnownFileType = sourcecode.swift; path = Aula03UITestsLaunchTests.swift; sourceTree = "<group>"; };
/* End PBXFileReference section */

/* Begin PBXFrameworksBuildPhase section */
		4060A0162C17A71D00E6EBE8 /* Frameworks */ = {
			isa = PBXFrameworksBuildPhase;
			buildActionMask = 2147483647;
			files = (
			);
			runOnlyForDeploymentPostprocessing = 0;
		};
		4060A0262C17A72000E6EBE8 /* Frameworks */ = {
			isa = PBXFrameworksBuildPhase;
			buildActionMask = 2147483647;
			files = (
			);
			runOnlyForDeploymentPostprocessing = 0;
		};
		4060A0302C17A72000E6EBE8 /* Frameworks */ = {
			isa = PBXFrameworksBuildPhase;
			buildActionMask = 2147483647;
			files = (
			);
			runOnlyForDeploymentPostprocessing = 0;
		};
/* End PBXFrameworksBuildPhase section */

/* Begin PBXGroup section */
		4060A0102C17A71D00E6EBE8 = {
			isa = PBXGroup;
			children = (
				4060A01B2C17A71D00E6EBE8 /* Aula03 */,
				4060A02C2C17A72000E6EBE8 /* Aula03Tests */,
				4060A0362C17A72000E6EBE8 /* Aula03UITests */,
				4060A01A2C17A71D00E6EBE8 /* Products */,
			);
			sourceTree = "<group>";
		};
		4060A01A2C17A71D00E6EBE8 /* Products */ = {
			isa = PBXGroup;
			children = (
				4060A0192C17A71D00E6EBE8 /* Aula03.app */,
				4060A0292C17A72000E6EBE8 /* Aula03Tests.xctest */,
				4060A0332C17A72000E6EBE8 /* Aula03UITests.xctest */,
			);
			name = Products;
			sourceTree = "<group>";
		};
		4060A01B2C17A71D00E6EBE8 /* Aula03 */ = {
			isa = PBXGroup;
			children = (
				4060A01C2C17A71D00E6EBE8 /* Aula03App.swift */,
				4060A01E2C17A71D00E6EBE8 /* ContentView.swift */,
				4060A0202C17A72000E6EBE8 /* Assets.xcassets */,
				4060A0222C17A72000E6EBE8 /* Preview Content */,
			);
			path = Aula03;
			sourceTree = "<group>";
		};
		4060A0222C17A72000E6EBE8 /* Preview Content */ = {
			isa = PBXGroup;
			children = (
				4060A0232C17A72000E6EBE8 /* Preview Assets.xcassets */,
			);
			path = "Preview Content";
			sourceTree = "<group>";
		};
		4060A02C2C17A72000E6EBE8 /* Aula03Tests */ = {
			isa = PBXGroup;
			children = (
				4060A02D2C17A72000E6EBE8 /* Aula03Tests.swift */,
			);
			path = Aula03Tests;
			sourceTree = "<group>";
		};
		4060A0362C17A72000E6EBE8 /* Aula03UITests */ = {
			isa = PBXGroup;
			children = (
				4060A0372C17A72000E6EBE8 /* Aula03UITests.swift */,
				4060A0392C17A72000E6EBE8 /* Aula03UITestsLaunchTests.swift */,
			);
			path = Aula03UITests;
			sourceTree = "<group>";
		};
/* End PBXGroup section */

/* Begin PBXNativeTarget section */
		4060A0182C17A71D00E6EBE8 /* Aula03 */ = {
			isa = PBXNativeTarget;
			buildConfigurationList = 4060A03D2C17A72000E6EBE8 /* Build configuration list for PBXNativeTarget "Aula03" */;
			buildPhases = (
				4060A0152C17A71D00E6EBE8 /* Sources */,
				4060A0162C17A71D00E6EBE8 /* Frameworks */,
				4060A0172C17A71D00E6EBE8 /* Resources */,
			);
			buildRules = (
			);
			dependencies = (
			);
			name = Aula03;
			productName = Aula03;
			productReference = 4060A0192C17A71D00E6EBE8 /* Aula03.app */;
			productType = "com.apple.product-type.application";
		};
		4060A0282C17A72000E6EBE8 /* Aula03Tests */ = {
			isa = PBXNativeTarget;
			buildConfigurationList = 4060A0402C17A72000E6EBE8 /* Build configuration list for PBXNativeTarget "Aula03Tests" */;
			buildPhases = (
				4060A0252C17A72000E6EBE8 /* Sources */,
				4060A0262C17A72000E6EBE8 /* Frameworks */,
				4060A0272C17A72000E6EBE8 /* Resources */,
			);
			buildRules = (
			);
			dependencies = (
				4060A02B2C17A72000E6EBE8 /* PBXTargetDependency */,
			);
			name = Aula03Tests;
			productName = Aula03Tests;
			productReference = 4060A0292C17A72000E6EBE8 /* Aula03Tests.xctest */;
			productType = "com.apple.product-type.bundle.unit-test";
		};
		4060A0322C17A72000E6EBE8 /* Aula03UITests */ = {
			isa = PBXNativeTarget;
			buildConfigurationList = 4060A0432C17A72000E6EBE8 /* Build configuration list for PBXNativeTarget "Aula03UITests" */;
			buildPhases = (
				4060A02F2C17A72000E6EBE8 /* Sources */,
				4060A0302C17A72000E6EBE8 /* Frameworks */,
				4060A0312C17A72000E6EBE8 /* Resources */,
			);
			buildRules = (
			);
			dependencies = (
				4060A0352C17A72000E6EBE8 /* PBXTargetDependency */,
			);
			name = Aula03UITests;
			productName = Aula03UITests;
			productReference = 4060A0332C17A72000E6EBE8 /* Aula03UITests.xctest */;
			productType = "com.apple.product-type.bundle.ui-testing";
		};
/* End PBXNativeTarget section */

/* Begin PBXProject section */
		4060A0112C17A71D00E6EBE8 /* Project object */ = {
			isa = PBXProject;
			attributes = {
				BuildIndependentTargetsInParallel = 1;
				LastSwiftUpdateCheck = 1520;
				LastUpgradeCheck = 1520;
				TargetAttributes = {
					4060A0182C17A71D00E6EBE8 = {
						CreatedOnToolsVersion = 15.2;
					};
					4060A0282C17A72000E6EBE8 = {
						CreatedOnToolsVersion = 15.2;
						TestTargetID = 4060A0182C17A71D00E6EBE8;
					};
					4060A0322C17A72000E6EBE8 = {
						CreatedOnToolsVersion = 15.2;
						TestTargetID = 4060A0182C17A71D00E6EBE8;
					};
				};
			};
			buildConfigurationList = 4060A0142C17A71D00E6EBE8 /* Build configuration list for PBXProject "Aula03" */;
			compatibilityVersion = "Xcode 14.0";
			developmentRegion = en;
			hasScannedForEncodings = 0;
			knownRegions = (
				en,
				Base,
			);
			mainGroup = 4060A0102C17A71D00E6EBE8;
			productRefGroup = 4060A01A2C17A71D00E6EBE8 /* Products */;
			projectDirPath = "";
			projectRoot = "";
			targets = (
				4060A0182C17A71D00E6EBE8 /* Aula03 */,
				4060A0282C17A72000E6EBE8 /* Aula03Tests */,
				4060A0322C17A72000E6EBE8 /* Aula03UITests */,
			);
		};
/* End PBXProject section */

/* Begin PBXResourcesBuildPhase section */
		4060A0172C17A71D00E6EBE8 /* Resources */ = {
			isa = PBXResourcesBuildPhase;
			buildActionMask = 2147483647;
			files = (
				4060A0242C17A72000E6EBE8 /* Preview Assets.xcassets in Resources */,
				4060A0212C17A72000E6EBE8 /* Assets.xcassets in Resources */,
			);
			runOnlyForDeploymentPostprocessing = 0;
		};
		4060A0272C17A72000E6EBE8 /* Resources */ = {
			isa = PBXResourcesBuildPhase;
			buildActionMask = 2147483647;
			files = (
			);
			runOnlyForDeploymentPostprocessing = 0;
		};
		4060A0312C17A72000E6EBE8 /* Resources */ = {
			isa = PBXResourcesBuildPhase;
			buildActionMask = 2147483647;
			files = (
			);
			runOnlyForDeploymentPostprocessing = 0;
		};
/* End PBXResourcesBuildPhase section */

/* Begin PBXSourcesBuildPhase section */
		4060A0152C17A71D00E6EBE8 /* Sources */ = {
			isa = PBXSourcesBuildPhase;
			buildActionMask = 2147483647;
			files = (
				4060A01F2C17A71D00E6EBE8 /* ContentView.swift in Sources */,
				4060A01D2C17A71D00E6EBE8 /* Aula03App.swift in Sources */,
			);
			runOnlyForDeploymentPostprocessing = 0;
		};
		4060A0252C17A72000E6EBE8 /* Sources */ = {
			isa = PBXSourcesBuildPhase;
			buildActionMask = 2147483647;
			files = (
				4060A02E2C17A72000E6EBE8 /* Aula03Tests.swift in Sources */,
			);
			runOnlyForDeploymentPostprocessing = 0;
		};
		4060A02F2C17A72000E6EBE8 /* Sources */ = {
			isa = PBXSourcesBuildPhase;
			buildActionMask = 2147483647;
			files = (
				4060A03A2C17A72000E6EBE8 /* Aula03UITestsLaunchTests.swift in Sources */,
				4060A0382C17A72000E6EBE8 /* Aula03UITests.swift in Sources */,
			);
			runOnlyForDeploymentPostprocessing = 0;
		};
/* End PBXSourcesBuildPhase section */

/* Begin PBXTargetDependency section */
		4060A02B2C17A72000E6EBE8 /* PBXTargetDependency */ = {
			isa = PBXTargetDependency;
			target = 4060A0182C17A71D00E6EBE8 /* Aula03 */;
			targetProxy = 4060A02A2C17A72000E6EBE8 /* PBXContainerItemProxy */;
		};
		4060A0352C17A72000E6EBE8 /* PBXTargetDependency */ = {
			isa = PBXTargetDependency;
			target = 4060A0182C17A71D00E6EBE8 /* Aula03 */;
			targetProxy = 4060A0342C17A72000E6EBE8 /* PBXContainerItemProxy */;
		};
/* End PBXTargetDependency section */

/* Begin XCBuildConfiguration section */
		4060A03B2C17A72000E6EBE8 /* Debug */ = {
			isa = XCBuildConfiguration;
			buildSettings = {
				ALWAYS_SEARCH_USER_PATHS = NO;
				ASSETCATALOG_COMPILER_GENERATE_SWIFT_ASSET_SYMBOL_EXTENSIONS = YES;
				CLANG_ANALYZER_NONNULL = YES;
				CLANG_ANALYZER_NUMBER_OBJECT_CONVERSION = YES_AGGRESSIVE;
				CLANG_CXX_LANGUAGE_STANDARD = "gnu++20";
				CLANG_ENABLE_MODULES = YES;
				CLANG_ENABLE_OBJC_ARC = YES;
				CLANG_ENABLE_OBJC_WEAK = YES;
				CLANG_WARN_BLOCK_CAPTURE_AUTORELEASING = YES;
				CLANG_WARN_BOOL_CONVERSION = YES;
				CLANG_WARN_COMMA = YES;
				CLANG_WARN_CONSTANT_CONVERSION = YES;
				CLANG_WARN_DEPRECATED_OBJC_IMPLEMENTATIONS = YES;
				CLANG_WARN_DIRECT_OBJC_ISA_USAGE = YES_ERROR;
				CLANG_WARN_DOCUMENTATION_COMMENTS = YES;
				CLANG_WARN_EMPTY_BODY = YES;
				CLANG_WARN_ENUM_CONVERSION = YES;
				CLANG_WARN_INFINITE_RECURSION = YES;
				CLANG_WARN_INT_CONVERSION = YES;
				CLANG_WARN_NON_LITERAL_NULL_CONVERSION = YES;
				CLANG_WARN_OBJC_IMPLICIT_RETAIN_SELF = YES;
				CLANG_WARN_OBJC_LITERAL_CONVERSION = YES;
				CLANG_WARN_OBJC_ROOT_CLASS = YES_ERROR;
				CLANG_WARN_QUOTED_INCLUDE_IN_FRAMEWORK_HEADER = YES;
				CLANG_WARN_RANGE_LOOP_ANALYSIS = YES;
				CLANG_WARN_STRICT_PROTOTYPES = YES;
				CLANG_WARN_SUSPICIOUS_MOVE = YES;
				CLANG_WARN_UNGUARDED_AVAILABILITY = YES_AGGRESSIVE;
				CLANG_WARN_UNREACHABLE_CODE = YES;
				CLANG_WARN__DUPLICATE_METHOD_MATCH = YES;
				COPY_PHASE_STRIP = NO;
				DEBUG_INFORMATION_FORMAT = dwarf;
				ENABLE_STRICT_OBJC_MSGSEND = YES;
				ENABLE_TESTABILITY = YES;
				ENABLE_USER_SCRIPT_SANDBOXING = YES;
				GCC_C_LANGUAGE_STANDARD = gnu17;
				GCC_DYNAMIC_NO_PIC = NO;
				GCC_NO_COMMON_BLOCKS = YES;
				GCC_OPTIMIZATION_LEVEL = 0;
				GCC_PREPROCESSOR_DEFINITIONS = (
					"DEBUG=1",
					"$(inherited)",
				);
				GCC_WARN_64_TO_32_BIT_CONVERSION = YES;
				GCC_WARN_ABOUT_RETURN_TYPE = YES_ERROR;
				GCC_WARN_UNDECLARED_SELECTOR = YES;
				GCC_WARN_UNINITIALIZED_AUTOS = YES_AGGRESSIVE;
				GCC_WARN_UNUSED_FUNCTION = YES;
				GCC_WARN_UNUSED_VARIABLE = YES;
				IPHONEOS_DEPLOYMENT_TARGET = 17.2;
				LOCALIZATION_PREFERS_STRING_CATALOGS = YES;
				MTL_ENABLE_DEBUG_INFO = INCLUDE_SOURCE;
				MTL_FAST_MATH = YES;
				ONLY_ACTIVE_ARCH = YES;
				SDKROOT = iphoneos;
				SWIFT_ACTIVE_COMPILATION_CONDITIONS = "DEBUG $(inherited)";
				SWIFT_OPTIMIZATION_LEVEL = "-Onone";
			};
			name = Debug;
		};
		4060A03C2C17A72000E6EBE8 /* Release */ = {
			isa = XCBuildConfiguration;
			buildSettings = {
				ALWAYS_SEARCH_USER_PATHS = NO;
				ASSETCATALOG_COMPILER_GENERATE_SWIFT_ASSET_SYMBOL_EXTENSIONS = YES;
				CLANG_ANALYZER_NONNULL = YES;
				CLANG_ANALYZER_NUMBER_OBJECT_CONVERSION = YES_AGGRESSIVE;
				CLANG_CXX_LANGUAGE_STANDARD = "gnu++20";
				CLANG_ENABLE_MODULES = YES;
				CLANG_ENABLE_OBJC_ARC = YES;
				CLANG_ENABLE_OBJC_WEAK = YES;
				CLANG_WARN_BLOCK_CAPTURE_AUTORELEASING = YES;
				CLANG_WARN_BOOL_CONVERSION = YES;
				CLANG_WARN_COMMA = YES;
				CLANG_WARN_CONSTANT_CONVERSION = YES;
				CLANG_WARN_DEPRECATED_OBJC_IMPLEMENTATIONS = YES;
				CLANG_WARN_DIRECT_OBJC_ISA_USAGE = YES_ERROR;
				CLANG_WARN_DOCUMENTATION_COMMENTS = YES;
				CLANG_WARN_EMPTY_BODY = YES;
				CLANG_WARN_ENUM_CONVERSION = YES;
				CLANG_WARN_INFINITE_RECURSION = YES;
				CLANG_WARN_INT_CONVERSION = YES;
				CLANG_WARN_NON_LITERAL_NULL_CONVERSION = YES;
				CLANG_WARN_OBJC_IMPLICIT_RETAIN_SELF = YES;
				CLANG_WARN_OBJC_LITERAL_CONVERSION = YES;
				CLANG_WARN_OBJC_ROOT_CLASS = YES_ERROR;
				CLANG_WARN_QUOTED_INCLUDE_IN_FRAMEWORK_HEADER = YES;
				CLANG_WARN_RANGE_LOOP_ANALYSIS = YES;
				CLANG_WARN_STRICT_PROTOTYPES = YES;
				CLANG_WARN_SUSPICIOUS_MOVE = YES;
				CLANG_WARN_UNGUARDED_AVAILABILITY = YES_AGGRESSIVE;
				CLANG_WARN_UNREACHABLE_CODE = YES;
				CLANG_WARN__DUPLICATE_METHOD_MATCH = YES;
				COPY_PHASE_STRIP = NO;
				DEBUG_INFORMATION_FORMAT = "dwarf-with-dsym";
				ENABLE_NS_ASSERTIONS = NO;
				ENABLE_STRICT_OBJC_MSGSEND = YES;
				ENABLE_USER_SCRIPT_SANDBOXING = YES;
				GCC_C_LANGUAGE_STANDARD = gnu17;
				GCC_NO_COMMON_BLOCKS = YES;
				GCC_WARN_64_TO_32_BIT_CONVERSION = YES;
				GCC_WARN_ABOUT_RETURN_TYPE = YES_ERROR;
				GCC_WARN_UNDECLARED_SELECTOR = YES;
				GCC_WARN_UNINITIALIZED_AUTOS = YES_AGGRESSIVE;
				GCC_WARN_UNUSED_FUNCTION = YES;
				GCC_WARN_UNUSED_VARIABLE = YES;
				IPHONEOS_DEPLOYMENT_TARGET = 17.2;
				LOCALIZATION_PREFERS_STRING_CATALOGS = YES;
				MTL_ENABLE_DEBUG_INFO = NO;
				MTL_FAST_MATH = YES;
				SDKROOT = iphoneos;
				SWIFT_COMPILATION_MODE = wholemodule;
				VALIDATE_PRODUCT = YES;
			};
			name = Release;
		};
		4060A03E2C17A72000E6EBE8 /* Debug */ = {
			isa = XCBuildConfiguration;
			buildSettings = {
				ASSETCATALOG_COMPILER_APPICON_NAME = AppIcon;
				ASSETCATALOG_COMPILER_GLOBAL_ACCENT_COLOR_NAME = AccentColor;
				CODE_SIGN_STYLE = Automatic;
				CURRENT_PROJECT_VERSION = 1;
				DEVELOPMENT_ASSET_PATHS = "\"Aula03/Preview Content\"";
				ENABLE_PREVIEWS = YES;
				GENERATE_INFOPLIST_FILE = YES;
				INFOPLIST_KEY_UIApplicationSceneManifest_Generation = YES;
				INFOPLIST_KEY_UIApplicationSupportsIndirectInputEvents = YES;
				INFOPLIST_KEY_UILaunchScreen_Generation = YES;
				INFOPLIST_KEY_UISupportedInterfaceOrientations_iPad = "UIInterfaceOrientationPortrait UIInterfaceOrientationPortraitUpsideDown UIInterfaceOrientationLandscapeLeft UIInterfaceOrientationLandscapeRight";
				INFOPLIST_KEY_UISupportedInterfaceOrientations_iPhone = "UIInterfaceOrientationPortrait UIInterfaceOrientationLandscapeLeft UIInterfaceOrientationLandscapeRight";
				LD_RUNPATH_SEARCH_PATHS = (
					"$(inherited)",
					"@executable_path/Frameworks",
				);
				MARKETING_VERSION = 1.0;
				PRODUCT_BUNDLE_IDENTIFIER = zuzu.Aula03;
				PRODUCT_NAME = "$(TARGET_NAME)";
				SWIFT_EMIT_LOC_STRINGS = YES;
				SWIFT_VERSION = 5.0;
				TARGETED_DEVICE_FAMILY = "1,2";
			};
			name = Debug;
		};
		4060A03F2C17A72000E6EBE8 /* Release */ = {
			isa = XCBuildConfiguration;
			buildSettings = {
				ASSETCATALOG_COMPILER_APPICON_NAME = AppIcon;
				ASSETCATALOG_COMPILER_GLOBAL_ACCENT_COLOR_NAME = AccentColor;
				CODE_SIGN_STYLE = Automatic;
				CURRENT_PROJECT_VERSION = 1;
				DEVELOPMENT_ASSET_PATHS = "\"Aula03/Preview Content\"";
				ENABLE_PREVIEWS = YES;
				GENERATE_INFOPLIST_FILE = YES;
				INFOPLIST_KEY_UIApplicationSceneManifest_Generation = YES;
				INFOPLIST_KEY_UIApplicationSupportsIndirectInputEvents = YES;
				INFOPLIST_KEY_UILaunchScreen_Generation = YES;
				INFOPLIST_KEY_UISupportedInterfaceOrientations_iPad = "UIInterfaceOrientationPortrait UIInterfaceOrientationPortraitUpsideDown UIInterfaceOrientationLandscapeLeft UIInterfaceOrientationLandscapeRight";
				INFOPLIST_KEY_UISupportedInterfaceOrientations_iPhone = "UIInterfaceOrientationPortrait UIInterfaceOrientationLandscapeLeft UIInterfaceOrientationLandscapeRight";
				LD_RUNPATH_SEARCH_PATHS = (
					"$(inherited)",
					"@executable_path/Frameworks",
				);
				MARKETING_VERSION = 1.0;
				PRODUCT_BUNDLE_IDENTIFIER = zuzu.Aula03;
				PRODUCT_NAME = "$(TARGET_NAME)";
				SWIFT_EMIT_LOC_STRINGS = YES;
				SWIFT_VERSION = 5.0;
				TARGETED_DEVICE_FAMILY = "1,2";
			};
			name = Release;
		};
		4060A0412C17A72000E6EBE8 /* Debug */ = {
			isa = XCBuildConfiguration;
			buildSettings = {
				ALWAYS_EMBED_SWIFT_STANDARD_LIBRARIES = YES;
				BUNDLE_LOADER = "$(TEST_HOST)";
				CODE_SIGN_STYLE = Automatic;
				CURRENT_PROJECT_VERSION = 1;
				GENERATE_INFOPLIST_FILE = YES;
				IPHONEOS_DEPLOYMENT_TARGET = 17.2;
				MARKETING_VERSION = 1.0;
				PRODUCT_BUNDLE_IDENTIFIER = zuzu.Aula03Tests;
				PRODUCT_NAME = "$(TARGET_NAME)";
				SWIFT_EMIT_LOC_STRINGS = NO;
				SWIFT_VERSION = 5.0;
				TARGETED_DEVICE_FAMILY = "1,2";
				TEST_HOST = "$(BUILT_PRODUCTS_DIR)/Aula03.app/$(BUNDLE_EXECUTABLE_FOLDER_PATH)/Aula03";
			};
			name = Debug;
		};
		4060A0422C17A72000E6EBE8 /* Release */ = {
			isa = XCBuildConfiguration;
			buildSettings = {
				ALWAYS_EMBED_SWIFT_STANDARD_LIBRARIES = YES;
				BUNDLE_LOADER = "$(TEST_HOST)";
				CODE_SIGN_STYLE = Automatic;
				CURRENT_PROJECT_VERSION = 1;
				GENERATE_INFOPLIST_FILE = YES;
				IPHONEOS_DEPLOYMENT_TARGET = 17.2;
				MARKETING_VERSION = 1.0;
				PRODUCT_BUNDLE_IDENTIFIER = zuzu.Aula03Tests;
				PRODUCT_NAME = "$(TARGET_NAME)";
				SWIFT_EMIT_LOC_STRINGS = NO;
				SWIFT_VERSION = 5.0;
				TARGETED_DEVICE_FAMILY = "1,2";
				TEST_HOST = "$(BUILT_PRODUCTS_DIR)/Aula03.app/$(BUNDLE_EXECUTABLE_FOLDER_PATH)/Aula03";
			};
			name = Release;
		};
		4060A0442C17A72000E6EBE8 /* Debug */ = {
			isa = XCBuildConfiguration;
			buildSettings = {
				ALWAYS_EMBED_SWIFT_STANDARD_LIBRARIES = YES;
				CODE_SIGN_STYLE = Automatic;
				CURRENT_PROJECT_VERSION = 1;
				GENERATE_INFOPLIST_FILE = YES;
				MARKETING_VERSION = 1.0;
				PRODUCT_BUNDLE_IDENTIFIER = zuzu.Aula03UITests;
				PRODUCT_NAME = "$(TARGET_NAME)";
				SWIFT_EMIT_LOC_STRINGS = NO;
				SWIFT_VERSION = 5.0;
				TARGETED_DEVICE_FAMILY = "1,2";
				TEST_TARGET_NAME = Aula03;
			};
			name = Debug;
		};
		4060A0452C17A72000E6EBE8 /* Release */ = {
			isa = XCBuildConfiguration;
			buildSettings = {
				ALWAYS_EMBED_SWIFT_STANDARD_LIBRARIES = YES;
				CODE_SIGN_STYLE = Automatic;
				CURRENT_PROJECT_VERSION = 1;
				GENERATE_INFOPLIST_FILE = YES;
				MARKETING_VERSION = 1.0;
				PRODUCT_BUNDLE_IDENTIFIER = zuzu.Aula03UITests;
				PRODUCT_NAME = "$(TARGET_NAME)";
				SWIFT_EMIT_LOC_STRINGS = NO;
				SWIFT_VERSION = 5.0;
				TARGETED_DEVICE_FAMILY = "1,2";
				TEST_TARGET_NAME = Aula03;
			};
			name = Release;
		};
/* End XCBuildConfiguration section */

/* Begin XCConfigurationList section */
		4060A0142C17A71D00E6EBE8 /* Build configuration list for PBXProject "Aula03" */ = {
			isa = XCConfigurationList;
			buildConfigurations = (
				4060A03B2C17A72000E6EBE8 /* Debug */,
				4060A03C2C17A72000E6EBE8 /* Release */,
			);
			defaultConfigurationIsVisible = 0;
			defaultConfigurationName = Release;
		};
		4060A03D2C17A72000E6EBE8 /* Build configuration list for PBXNativeTarget "Aula03" */ = {
			isa = XCConfigurationList;
			buildConfigurations = (
				4060A03E2C17A72000E6EBE8 /* Debug */,
				4060A03F2C17A72000E6EBE8 /* Release */,
			);
			defaultConfigurationIsVisible = 0;
			defaultConfigurationName = Release;
		};
		4060A0402C17A72000E6EBE8 /* Build configuration list for PBXNativeTarget "Aula03Tests" */ = {
			isa = XCConfigurationList;
			buildConfigurations = (
				4060A0412C17A72000E6EBE8 /* Debug */,
				4060A0422C17A72000E6EBE8 /* Release */,
			);
			defaultConfigurationIsVisible = 0;
			defaultConfigurationName = Release;
		};
		4060A0432C17A72000E6EBE8 /* Build configuration list for PBXNativeTarget "Aula03UITests" */ = {
			isa = XCConfigurationList;
			buildConfigurations = (
				4060A0442C17A72000E6EBE8 /* Debug */,
				4060A0452C17A72000E6EBE8 /* Release */,
			);
			defaultConfigurationIsVisible = 0;
			defaultConfigurationName = Release;
		};
/* End XCConfigurationList section */
	};
	rootObject = 4060A0112C17A71D00E6EBE8 /* Project object */;
}
