// !$*UTF8*$!
{
	archiveVersion = 1;
	classes = {
	};
	objectVersion = 56;
	objects = {

/* Begin PBXBuildFile section */
		404E110C2C1D03670032B82E /* Aula07_DesafioApp.swift in Sources */ = {isa = PBXBuildFile; fileRef = 404E110B2C1D03670032B82E /* Aula07_DesafioApp.swift */; };
		404E110E2C1D03670032B82E /* ContentView.swift in Sources */ = {isa = PBXBuildFile; fileRef = 404E110D2C1D03670032B82E /* ContentView.swift */; };
		404E11102C1D03680032B82E /* Assets.xcassets in Resources */ = {isa = PBXBuildFile; fileRef = 404E110F2C1D03680032B82E /* Assets.xcassets */; };
		404E11132C1D03680032B82E /* Preview Assets.xcassets in Resources */ = {isa = PBXBuildFile; fileRef = 404E11122C1D03680032B82E /* Preview Assets.xcassets */; };
		404E111D2C1D03690032B82E /* Aula07_DesafioTests.swift in Sources */ = {isa = PBXBuildFile; fileRef = 404E111C2C1D03690032B82E /* Aula07_DesafioTests.swift */; };
		404E11272C1D03690032B82E /* Aula07_DesafioUITests.swift in Sources */ = {isa = PBXBuildFile; fileRef = 404E11262C1D03690032B82E /* Aula07_DesafioUITests.swift */; };
		404E11292C1D03690032B82E /* Aula07_DesafioUITestsLaunchTests.swift in Sources */ = {isa = PBXBuildFile; fileRef = 404E11282C1D03690032B82E /* Aula07_DesafioUITestsLaunchTests.swift */; };
		404E11362C1D03850032B82E /* ViewModel.swift in Sources */ = {isa = PBXBuildFile; fileRef = 404E11352C1D03850032B82E /* ViewModel.swift */; };
		404E11382C1D03BE0032B82E /* Model.swift in Sources */ = {isa = PBXBuildFile; fileRef = 404E11372C1D03BE0032B82E /* Model.swift */; };
		404E113C2C1D11A30032B82E /* MainView.swift in Sources */ = {isa = PBXBuildFile; fileRef = 404E113B2C1D11A30032B82E /* MainView.swift */; };
		404E113E2C1D15E90032B82E /* CacheView.swift in Sources */ = {isa = PBXBuildFile; fileRef = 404E113D2C1D15E90032B82E /* CacheView.swift */; };
/* End PBXBuildFile section */

/* Begin PBXContainerItemProxy section */
		404E11192C1D03690032B82E /* PBXContainerItemProxy */ = {
			isa = PBXContainerItemProxy;
			containerPortal = 404E11002C1D03670032B82E /* Project object */;
			proxyType = 1;
			remoteGlobalIDString = 404E11072C1D03670032B82E;
			remoteInfo = Aula07_Desafio;
		};
		404E11232C1D03690032B82E /* PBXContainerItemProxy */ = {
			isa = PBXContainerItemProxy;
			containerPortal = 404E11002C1D03670032B82E /* Project object */;
			proxyType = 1;
			remoteGlobalIDString = 404E11072C1D03670032B82E;
			remoteInfo = Aula07_Desafio;
		};
/* End PBXContainerItemProxy section */

/* Begin PBXFileReference section */
		404E11082C1D03670032B82E /* Aula07_Desafio.app */ = {isa = PBXFileReference; explicitFileType = wrapper.application; includeInIndex = 0; path = Aula07_Desafio.app; sourceTree = BUILT_PRODUCTS_DIR; };
		404E110B2C1D03670032B82E /* Aula07_DesafioApp.swift */ = {isa = PBXFileReference; lastKnownFileType = sourcecode.swift; path = Aula07_DesafioApp.swift; sourceTree = "<group>"; };
		404E110D2C1D03670032B82E /* ContentView.swift */ = {isa = PBXFileReference; lastKnownFileType = sourcecode.swift; path = ContentView.swift; sourceTree = "<group>"; };
		404E110F2C1D03680032B82E /* Assets.xcassets */ = {isa = PBXFileReference; lastKnownFileType = folder.assetcatalog; path = Assets.xcassets; sourceTree = "<group>"; };
		404E11122C1D03680032B82E /* Preview Assets.xcassets */ = {isa = PBXFileReference; lastKnownFileType = folder.assetcatalog; path = "Preview Assets.xcassets"; sourceTree = "<group>"; };
		404E11182C1D03690032B82E /* Aula07_DesafioTests.xctest */ = {isa = PBXFileReference; explicitFileType = wrapper.cfbundle; includeInIndex = 0; path = Aula07_DesafioTests.xctest; sourceTree = BUILT_PRODUCTS_DIR; };
		404E111C2C1D03690032B82E /* Aula07_DesafioTests.swift */ = {isa = PBXFileReference; lastKnownFileType = sourcecode.swift; path = Aula07_DesafioTests.swift; sourceTree = "<group>"; };
		404E11222C1D03690032B82E /* Aula07_DesafioUITests.xctest */ = {isa = PBXFileReference; explicitFileType = wrapper.cfbundle; includeInIndex = 0; path = Aula07_DesafioUITests.xctest; sourceTree = BUILT_PRODUCTS_DIR; };
		404E11262C1D03690032B82E /* Aula07_DesafioUITests.swift */ = {isa = PBXFileReference; lastKnownFileType = sourcecode.swift; path = Aula07_DesafioUITests.swift; sourceTree = "<group>"; };
		404E11282C1D03690032B82E /* Aula07_DesafioUITestsLaunchTests.swift */ = {isa = PBXFileReference; lastKnownFileType = sourcecode.swift; path = Aula07_DesafioUITestsLaunchTests.swift; sourceTree = "<group>"; };
		404E11352C1D03850032B82E /* ViewModel.swift */ = {isa = PBXFileReference; lastKnownFileType = sourcecode.swift; path = ViewModel.swift; sourceTree = "<group>"; };
		404E11372C1D03BE0032B82E /* Model.swift */ = {isa = PBXFileReference; lastKnownFileType = sourcecode.swift; path = Model.swift; sourceTree = "<group>"; };
		404E113B2C1D11A30032B82E /* MainView.swift */ = {isa = PBXFileReference; lastKnownFileType = sourcecode.swift; path = MainView.swift; sourceTree = "<group>"; };
		404E113D2C1D15E90032B82E /* CacheView.swift */ = {isa = PBXFileReference; lastKnownFileType = sourcecode.swift; path = CacheView.swift; sourceTree = "<group>"; };
/* End PBXFileReference section */

/* Begin PBXFrameworksBuildPhase section */
		404E11052C1D03670032B82E /* Frameworks */ = {
			isa = PBXFrameworksBuildPhase;
			buildActionMask = 2147483647;
			files = (
			);
			runOnlyForDeploymentPostprocessing = 0;
		};
		404E11152C1D03690032B82E /* Frameworks */ = {
			isa = PBXFrameworksBuildPhase;
			buildActionMask = 2147483647;
			files = (
			);
			runOnlyForDeploymentPostprocessing = 0;
		};
		404E111F2C1D03690032B82E /* Frameworks */ = {
			isa = PBXFrameworksBuildPhase;
			buildActionMask = 2147483647;
			files = (
			);
			runOnlyForDeploymentPostprocessing = 0;
		};
/* End PBXFrameworksBuildPhase section */

/* Begin PBXGroup section */
		404E10FF2C1D03670032B82E = {
			isa = PBXGroup;
			children = (
				404E110A2C1D03670032B82E /* Aula07_Desafio */,
				404E111B2C1D03690032B82E /* Aula07_DesafioTests */,
				404E11252C1D03690032B82E /* Aula07_DesafioUITests */,
				404E11092C1D03670032B82E /* Products */,
			);
			sourceTree = "<group>";
		};
		404E11092C1D03670032B82E /* Products */ = {
			isa = PBXGroup;
			children = (
				404E11082C1D03670032B82E /* Aula07_Desafio.app */,
				404E11182C1D03690032B82E /* Aula07_DesafioTests.xctest */,
				404E11222C1D03690032B82E /* Aula07_DesafioUITests.xctest */,
			);
			name = Products;
			sourceTree = "<group>";
		};
		404E110A2C1D03670032B82E /* Aula07_Desafio */ = {
			isa = PBXGroup;
			children = (
				404E110B2C1D03670032B82E /* Aula07_DesafioApp.swift */,
				404E110D2C1D03670032B82E /* ContentView.swift */,
				404E110F2C1D03680032B82E /* Assets.xcassets */,
				404E11112C1D03680032B82E /* Preview Content */,
				404E11352C1D03850032B82E /* ViewModel.swift */,
				404E11372C1D03BE0032B82E /* Model.swift */,
				404E113B2C1D11A30032B82E /* MainView.swift */,
				404E113D2C1D15E90032B82E /* CacheView.swift */,
			);
			path = Aula07_Desafio;
			sourceTree = "<group>";
		};
		404E11112C1D03680032B82E /* Preview Content */ = {
			isa = PBXGroup;
			children = (
				404E11122C1D03680032B82E /* Preview Assets.xcassets */,
			);
			path = "Preview Content";
			sourceTree = "<group>";
		};
		404E111B2C1D03690032B82E /* Aula07_DesafioTests */ = {
			isa = PBXGroup;
			children = (
				404E111C2C1D03690032B82E /* Aula07_DesafioTests.swift */,
			);
			path = Aula07_DesafioTests;
			sourceTree = "<group>";
		};
		404E11252C1D03690032B82E /* Aula07_DesafioUITests */ = {
			isa = PBXGroup;
			children = (
				404E11262C1D03690032B82E /* Aula07_DesafioUITests.swift */,
				404E11282C1D03690032B82E /* Aula07_DesafioUITestsLaunchTests.swift */,
			);
			path = Aula07_DesafioUITests;
			sourceTree = "<group>";
		};
/* End PBXGroup section */

/* Begin PBXNativeTarget section */
		404E11072C1D03670032B82E /* Aula07_Desafio */ = {
			isa = PBXNativeTarget;
			buildConfigurationList = 404E112C2C1D03690032B82E /* Build configuration list for PBXNativeTarget "Aula07_Desafio" */;
			buildPhases = (
				404E11042C1D03670032B82E /* Sources */,
				404E11052C1D03670032B82E /* Frameworks */,
				404E11062C1D03670032B82E /* Resources */,
			);
			buildRules = (
			);
			dependencies = (
			);
			name = Aula07_Desafio;
			productName = Aula07_Desafio;
			productReference = 404E11082C1D03670032B82E /* Aula07_Desafio.app */;
			productType = "com.apple.product-type.application";
		};
		404E11172C1D03690032B82E /* Aula07_DesafioTests */ = {
			isa = PBXNativeTarget;
			buildConfigurationList = 404E112F2C1D03690032B82E /* Build configuration list for PBXNativeTarget "Aula07_DesafioTests" */;
			buildPhases = (
				404E11142C1D03690032B82E /* Sources */,
				404E11152C1D03690032B82E /* Frameworks */,
				404E11162C1D03690032B82E /* Resources */,
			);
			buildRules = (
			);
			dependencies = (
				404E111A2C1D03690032B82E /* PBXTargetDependency */,
			);
			name = Aula07_DesafioTests;
			productName = Aula07_DesafioTests;
			productReference = 404E11182C1D03690032B82E /* Aula07_DesafioTests.xctest */;
			productType = "com.apple.product-type.bundle.unit-test";
		};
		404E11212C1D03690032B82E /* Aula07_DesafioUITests */ = {
			isa = PBXNativeTarget;
			buildConfigurationList = 404E11322C1D03690032B82E /* Build configuration list for PBXNativeTarget "Aula07_DesafioUITests" */;
			buildPhases = (
				404E111E2C1D03690032B82E /* Sources */,
				404E111F2C1D03690032B82E /* Frameworks */,
				404E11202C1D03690032B82E /* Resources */,
			);
			buildRules = (
			);
			dependencies = (
				404E11242C1D03690032B82E /* PBXTargetDependency */,
			);
			name = Aula07_DesafioUITests;
			productName = Aula07_DesafioUITests;
			productReference = 404E11222C1D03690032B82E /* Aula07_DesafioUITests.xctest */;
			productType = "com.apple.product-type.bundle.ui-testing";
		};
/* End PBXNativeTarget section */

/* Begin PBXProject section */
		404E11002C1D03670032B82E /* Project object */ = {
			isa = PBXProject;
			attributes = {
				BuildIndependentTargetsInParallel = 1;
				LastSwiftUpdateCheck = 1520;
				LastUpgradeCheck = 1520;
				TargetAttributes = {
					404E11072C1D03670032B82E = {
						CreatedOnToolsVersion = 15.2;
					};
					404E11172C1D03690032B82E = {
						CreatedOnToolsVersion = 15.2;
						TestTargetID = 404E11072C1D03670032B82E;
					};
					404E11212C1D03690032B82E = {
						CreatedOnToolsVersion = 15.2;
						TestTargetID = 404E11072C1D03670032B82E;
					};
				};
			};
			buildConfigurationList = 404E11032C1D03670032B82E /* Build configuration list for PBXProject "Aula07_Desafio" */;
			compatibilityVersion = "Xcode 14.0";
			developmentRegion = en;
			hasScannedForEncodings = 0;
			knownRegions = (
				en,
				Base,
			);
			mainGroup = 404E10FF2C1D03670032B82E;
			productRefGroup = 404E11092C1D03670032B82E /* Products */;
			projectDirPath = "";
			projectRoot = "";
			targets = (
				404E11072C1D03670032B82E /* Aula07_Desafio */,
				404E11172C1D03690032B82E /* Aula07_DesafioTests */,
				404E11212C1D03690032B82E /* Aula07_DesafioUITests */,
			);
		};
/* End PBXProject section */

/* Begin PBXResourcesBuildPhase section */
		404E11062C1D03670032B82E /* Resources */ = {
			isa = PBXResourcesBuildPhase;
			buildActionMask = 2147483647;
			files = (
				404E11132C1D03680032B82E /* Preview Assets.xcassets in Resources */,
				404E11102C1D03680032B82E /* Assets.xcassets in Resources */,
			);
			runOnlyForDeploymentPostprocessing = 0;
		};
		404E11162C1D03690032B82E /* Resources */ = {
			isa = PBXResourcesBuildPhase;
			buildActionMask = 2147483647;
			files = (
			);
			runOnlyForDeploymentPostprocessing = 0;
		};
		404E11202C1D03690032B82E /* Resources */ = {
			isa = PBXResourcesBuildPhase;
			buildActionMask = 2147483647;
			files = (
			);
			runOnlyForDeploymentPostprocessing = 0;
		};
/* End PBXResourcesBuildPhase section */

/* Begin PBXSourcesBuildPhase section */
		404E11042C1D03670032B82E /* Sources */ = {
			isa = PBXSourcesBuildPhase;
			buildActionMask = 2147483647;
			files = (
				404E110E2C1D03670032B82E /* ContentView.swift in Sources */,
				404E113E2C1D15E90032B82E /* CacheView.swift in Sources */,
				404E11362C1D03850032B82E /* ViewModel.swift in Sources */,
				404E110C2C1D03670032B82E /* Aula07_DesafioApp.swift in Sources */,
				404E113C2C1D11A30032B82E /* MainView.swift in Sources */,
				404E11382C1D03BE0032B82E /* Model.swift in Sources */,
			);
			runOnlyForDeploymentPostprocessing = 0;
		};
		404E11142C1D03690032B82E /* Sources */ = {
			isa = PBXSourcesBuildPhase;
			buildActionMask = 2147483647;
			files = (
				404E111D2C1D03690032B82E /* Aula07_DesafioTests.swift in Sources */,
			);
			runOnlyForDeploymentPostprocessing = 0;
		};
		404E111E2C1D03690032B82E /* Sources */ = {
			isa = PBXSourcesBuildPhase;
			buildActionMask = 2147483647;
			files = (
				404E11292C1D03690032B82E /* Aula07_DesafioUITestsLaunchTests.swift in Sources */,
				404E11272C1D03690032B82E /* Aula07_DesafioUITests.swift in Sources */,
			);
			runOnlyForDeploymentPostprocessing = 0;
		};
/* End PBXSourcesBuildPhase section */

/* Begin PBXTargetDependency section */
		404E111A2C1D03690032B82E /* PBXTargetDependency */ = {
			isa = PBXTargetDependency;
			target = 404E11072C1D03670032B82E /* Aula07_Desafio */;
			targetProxy = 404E11192C1D03690032B82E /* PBXContainerItemProxy */;
		};
		404E11242C1D03690032B82E /* PBXTargetDependency */ = {
			isa = PBXTargetDependency;
			target = 404E11072C1D03670032B82E /* Aula07_Desafio */;
			targetProxy = 404E11232C1D03690032B82E /* PBXContainerItemProxy */;
		};
/* End PBXTargetDependency section */

/* Begin XCBuildConfiguration section */
		404E112A2C1D03690032B82E /* Debug */ = {
			isa = XCBuildConfiguration;
			buildSettings = {
				ALWAYS_SEARCH_USER_PATHS = NO;
				ASSETCATALOG_COMPILER_GENERATE_SWIFT_ASSET_SYMBOL_EXTENSIONS = YES;
				CLANG_ANALYZER_NONNULL = YES;
				CLANG_ANALYZER_NUMBER_OBJECT_CONVERSION = YES_AGGRESSIVE;
				CLANG_CXX_LANGUAGE_STANDARD = "gnu++20";
				CLANG_ENABLE_MODULES = YES;
				CLANG_ENABLE_OBJC_ARC = YES;
				CLANG_ENABLE_OBJC_WEAK = YES;
				CLANG_WARN_BLOCK_CAPTURE_AUTORELEASING = YES;
				CLANG_WARN_BOOL_CONVERSION = YES;
				CLANG_WARN_COMMA = YES;
				CLANG_WARN_CONSTANT_CONVERSION = YES;
				CLANG_WARN_DEPRECATED_OBJC_IMPLEMENTATIONS = YES;
				CLANG_WARN_DIRECT_OBJC_ISA_USAGE = YES_ERROR;
				CLANG_WARN_DOCUMENTATION_COMMENTS = YES;
				CLANG_WARN_EMPTY_BODY = YES;
				CLANG_WARN_ENUM_CONVERSION = YES;
				CLANG_WARN_INFINITE_RECURSION = YES;
				CLANG_WARN_INT_CONVERSION = YES;
				CLANG_WARN_NON_LITERAL_NULL_CONVERSION = YES;
				CLANG_WARN_OBJC_IMPLICIT_RETAIN_SELF = YES;
				CLANG_WARN_OBJC_LITERAL_CONVERSION = YES;
				CLANG_WARN_OBJC_ROOT_CLASS = YES_ERROR;
				CLANG_WARN_QUOTED_INCLUDE_IN_FRAMEWORK_HEADER = YES;
				CLANG_WARN_RANGE_LOOP_ANALYSIS = YES;
				CLANG_WARN_STRICT_PROTOTYPES = YES;
				CLANG_WARN_SUSPICIOUS_MOVE = YES;
				CLANG_WARN_UNGUARDED_AVAILABILITY = YES_AGGRESSIVE;
				CLANG_WARN_UNREACHABLE_CODE = YES;
				CLANG_WARN__DUPLICATE_METHOD_MATCH = YES;
				COPY_PHASE_STRIP = NO;
				DEBUG_INFORMATION_FORMAT = dwarf;
				ENABLE_STRICT_OBJC_MSGSEND = YES;
				ENABLE_TESTABILITY = YES;
				ENABLE_USER_SCRIPT_SANDBOXING = YES;
				GCC_C_LANGUAGE_STANDARD = gnu17;
				GCC_DYNAMIC_NO_PIC = NO;
				GCC_NO_COMMON_BLOCKS = YES;
				GCC_OPTIMIZATION_LEVEL = 0;
				GCC_PREPROCESSOR_DEFINITIONS = (
					"DEBUG=1",
					"$(inherited)",
				);
				GCC_WARN_64_TO_32_BIT_CONVERSION = YES;
				GCC_WARN_ABOUT_RETURN_TYPE = YES_ERROR;
				GCC_WARN_UNDECLARED_SELECTOR = YES;
				GCC_WARN_UNINITIALIZED_AUTOS = YES_AGGRESSIVE;
				GCC_WARN_UNUSED_FUNCTION = YES;
				GCC_WARN_UNUSED_VARIABLE = YES;
				IPHONEOS_DEPLOYMENT_TARGET = 17.2;
				LOCALIZATION_PREFERS_STRING_CATALOGS = YES;
				MTL_ENABLE_DEBUG_INFO = INCLUDE_SOURCE;
				MTL_FAST_MATH = YES;
				ONLY_ACTIVE_ARCH = YES;
				SDKROOT = iphoneos;
				SWIFT_ACTIVE_COMPILATION_CONDITIONS = "DEBUG $(inherited)";
				SWIFT_OPTIMIZATION_LEVEL = "-Onone";
			};
			name = Debug;
		};
		404E112B2C1D03690032B82E /* Release */ = {
			isa = XCBuildConfiguration;
			buildSettings = {
				ALWAYS_SEARCH_USER_PATHS = NO;
				ASSETCATALOG_COMPILER_GENERATE_SWIFT_ASSET_SYMBOL_EXTENSIONS = YES;
				CLANG_ANALYZER_NONNULL = YES;
				CLANG_ANALYZER_NUMBER_OBJECT_CONVERSION = YES_AGGRESSIVE;
				CLANG_CXX_LANGUAGE_STANDARD = "gnu++20";
				CLANG_ENABLE_MODULES = YES;
				CLANG_ENABLE_OBJC_ARC = YES;
				CLANG_ENABLE_OBJC_WEAK = YES;
				CLANG_WARN_BLOCK_CAPTURE_AUTORELEASING = YES;
				CLANG_WARN_BOOL_CONVERSION = YES;
				CLANG_WARN_COMMA = YES;
				CLANG_WARN_CONSTANT_CONVERSION = YES;
				CLANG_WARN_DEPRECATED_OBJC_IMPLEMENTATIONS = YES;
				CLANG_WARN_DIRECT_OBJC_ISA_USAGE = YES_ERROR;
				CLANG_WARN_DOCUMENTATION_COMMENTS = YES;
				CLANG_WARN_EMPTY_BODY = YES;
				CLANG_WARN_ENUM_CONVERSION = YES;
				CLANG_WARN_INFINITE_RECURSION = YES;
				CLANG_WARN_INT_CONVERSION = YES;
				CLANG_WARN_NON_LITERAL_NULL_CONVERSION = YES;
				CLANG_WARN_OBJC_IMPLICIT_RETAIN_SELF = YES;
				CLANG_WARN_OBJC_LITERAL_CONVERSION = YES;
				CLANG_WARN_OBJC_ROOT_CLASS = YES_ERROR;
				CLANG_WARN_QUOTED_INCLUDE_IN_FRAMEWORK_HEADER = YES;
				CLANG_WARN_RANGE_LOOP_ANALYSIS = YES;
				CLANG_WARN_STRICT_PROTOTYPES = YES;
				CLANG_WARN_SUSPICIOUS_MOVE = YES;
				CLANG_WARN_UNGUARDED_AVAILABILITY = YES_AGGRESSIVE;
				CLANG_WARN_UNREACHABLE_CODE = YES;
				CLANG_WARN__DUPLICATE_METHOD_MATCH = YES;
				COPY_PHASE_STRIP = NO;
				DEBUG_INFORMATION_FORMAT = "dwarf-with-dsym";
				ENABLE_NS_ASSERTIONS = NO;
				ENABLE_STRICT_OBJC_MSGSEND = YES;
				ENABLE_USER_SCRIPT_SANDBOXING = YES;
				GCC_C_LANGUAGE_STANDARD = gnu17;
				GCC_NO_COMMON_BLOCKS = YES;
				GCC_WARN_64_TO_32_BIT_CONVERSION = YES;
				GCC_WARN_ABOUT_RETURN_TYPE = YES_ERROR;
				GCC_WARN_UNDECLARED_SELECTOR = YES;
				GCC_WARN_UNINITIALIZED_AUTOS = YES_AGGRESSIVE;
				GCC_WARN_UNUSED_FUNCTION = YES;
				GCC_WARN_UNUSED_VARIABLE = YES;
				IPHONEOS_DEPLOYMENT_TARGET = 17.2;
				LOCALIZATION_PREFERS_STRING_CATALOGS = YES;
				MTL_ENABLE_DEBUG_INFO = NO;
				MTL_FAST_MATH = YES;
				SDKROOT = iphoneos;
				SWIFT_COMPILATION_MODE = wholemodule;
				VALIDATE_PRODUCT = YES;
			};
			name = Release;
		};
		404E112D2C1D03690032B82E /* Debug */ = {
			isa = XCBuildConfiguration;
			buildSettings = {
				ASSETCATALOG_COMPILER_APPICON_NAME = AppIcon;
				ASSETCATALOG_COMPILER_GLOBAL_ACCENT_COLOR_NAME = AccentColor;
				CODE_SIGN_STYLE = Automatic;
				CURRENT_PROJECT_VERSION = 1;
				DEVELOPMENT_ASSET_PATHS = "\"Aula07_Desafio/Preview Content\"";
				ENABLE_PREVIEWS = YES;
				GENERATE_INFOPLIST_FILE = YES;
				INFOPLIST_KEY_UIApplicationSceneManifest_Generation = YES;
				INFOPLIST_KEY_UIApplicationSupportsIndirectInputEvents = YES;
				INFOPLIST_KEY_UILaunchScreen_Generation = YES;
				INFOPLIST_KEY_UISupportedInterfaceOrientations_iPad = "UIInterfaceOrientationPortrait UIInterfaceOrientationPortraitUpsideDown UIInterfaceOrientationLandscapeLeft UIInterfaceOrientationLandscapeRight";
				INFOPLIST_KEY_UISupportedInterfaceOrientations_iPhone = "UIInterfaceOrientationPortrait UIInterfaceOrientationLandscapeLeft UIInterfaceOrientationLandscapeRight";
				LD_RUNPATH_SEARCH_PATHS = (
					"$(inherited)",
					"@executable_path/Frameworks",
				);
				MARKETING_VERSION = 1.0;
				PRODUCT_BUNDLE_IDENTIFIER = "zuzu.Aula07-Desafio";
				PRODUCT_NAME = "$(TARGET_NAME)";
				SWIFT_EMIT_LOC_STRINGS = YES;
				SWIFT_VERSION = 5.0;
				TARGETED_DEVICE_FAMILY = "1,2";
			};
			name = Debug;
		};
		404E112E2C1D03690032B82E /* Release */ = {
			isa = XCBuildConfiguration;
			buildSettings = {
				ASSETCATALOG_COMPILER_APPICON_NAME = AppIcon;
				ASSETCATALOG_COMPILER_GLOBAL_ACCENT_COLOR_NAME = AccentColor;
				CODE_SIGN_STYLE = Automatic;
				CURRENT_PROJECT_VERSION = 1;
				DEVELOPMENT_ASSET_PATHS = "\"Aula07_Desafio/Preview Content\"";
				ENABLE_PREVIEWS = YES;
				GENERATE_INFOPLIST_FILE = YES;
				INFOPLIST_KEY_UIApplicationSceneManifest_Generation = YES;
				INFOPLIST_KEY_UIApplicationSupportsIndirectInputEvents = YES;
				INFOPLIST_KEY_UILaunchScreen_Generation = YES;
				INFOPLIST_KEY_UISupportedInterfaceOrientations_iPad = "UIInterfaceOrientationPortrait UIInterfaceOrientationPortraitUpsideDown UIInterfaceOrientationLandscapeLeft UIInterfaceOrientationLandscapeRight";
				INFOPLIST_KEY_UISupportedInterfaceOrientations_iPhone = "UIInterfaceOrientationPortrait UIInterfaceOrientationLandscapeLeft UIInterfaceOrientationLandscapeRight";
				LD_RUNPATH_SEARCH_PATHS = (
					"$(inherited)",
					"@executable_path/Frameworks",
				);
				MARKETING_VERSION = 1.0;
				PRODUCT_BUNDLE_IDENTIFIER = "zuzu.Aula07-Desafio";
				PRODUCT_NAME = "$(TARGET_NAME)";
				SWIFT_EMIT_LOC_STRINGS = YES;
				SWIFT_VERSION = 5.0;
				TARGETED_DEVICE_FAMILY = "1,2";
			};
			name = Release;
		};
		404E11302C1D03690032B82E /* Debug */ = {
			isa = XCBuildConfiguration;
			buildSettings = {
				ALWAYS_EMBED_SWIFT_STANDARD_LIBRARIES = YES;
				BUNDLE_LOADER = "$(TEST_HOST)";
				CODE_SIGN_STYLE = Automatic;
				CURRENT_PROJECT_VERSION = 1;
				GENERATE_INFOPLIST_FILE = YES;
				IPHONEOS_DEPLOYMENT_TARGET = 17.2;
				MARKETING_VERSION = 1.0;
				PRODUCT_BUNDLE_IDENTIFIER = "zuzu.Aula07-DesafioTests";
				PRODUCT_NAME = "$(TARGET_NAME)";
				SWIFT_EMIT_LOC_STRINGS = NO;
				SWIFT_VERSION = 5.0;
				TARGETED_DEVICE_FAMILY = "1,2";
				TEST_HOST = "$(BUILT_PRODUCTS_DIR)/Aula07_Desafio.app/$(BUNDLE_EXECUTABLE_FOLDER_PATH)/Aula07_Desafio";
			};
			name = Debug;
		};
		404E11312C1D03690032B82E /* Release */ = {
			isa = XCBuildConfiguration;
			buildSettings = {
				ALWAYS_EMBED_SWIFT_STANDARD_LIBRARIES = YES;
				BUNDLE_LOADER = "$(TEST_HOST)";
				CODE_SIGN_STYLE = Automatic;
				CURRENT_PROJECT_VERSION = 1;
				GENERATE_INFOPLIST_FILE = YES;
				IPHONEOS_DEPLOYMENT_TARGET = 17.2;
				MARKETING_VERSION = 1.0;
				PRODUCT_BUNDLE_IDENTIFIER = "zuzu.Aula07-DesafioTests";
				PRODUCT_NAME = "$(TARGET_NAME)";
				SWIFT_EMIT_LOC_STRINGS = NO;
				SWIFT_VERSION = 5.0;
				TARGETED_DEVICE_FAMILY = "1,2";
				TEST_HOST = "$(BUILT_PRODUCTS_DIR)/Aula07_Desafio.app/$(BUNDLE_EXECUTABLE_FOLDER_PATH)/Aula07_Desafio";
			};
			name = Release;
		};
		404E11332C1D03690032B82E /* Debug */ = {
			isa = XCBuildConfiguration;
			buildSettings = {
				ALWAYS_EMBED_SWIFT_STANDARD_LIBRARIES = YES;
				CODE_SIGN_STYLE = Automatic;
				CURRENT_PROJECT_VERSION = 1;
				GENERATE_INFOPLIST_FILE = YES;
				MARKETING_VERSION = 1.0;
				PRODUCT_BUNDLE_IDENTIFIER = "zuzu.Aula07-DesafioUITests";
				PRODUCT_NAME = "$(TARGET_NAME)";
				SWIFT_EMIT_LOC_STRINGS = NO;
				SWIFT_VERSION = 5.0;
				TARGETED_DEVICE_FAMILY = "1,2";
				TEST_TARGET_NAME = Aula07_Desafio;
			};
			name = Debug;
		};
		404E11342C1D03690032B82E /* Release */ = {
			isa = XCBuildConfiguration;
			buildSettings = {
				ALWAYS_EMBED_SWIFT_STANDARD_LIBRARIES = YES;
				CODE_SIGN_STYLE = Automatic;
				CURRENT_PROJECT_VERSION = 1;
				GENERATE_INFOPLIST_FILE = YES;
				MARKETING_VERSION = 1.0;
				PRODUCT_BUNDLE_IDENTIFIER = "zuzu.Aula07-DesafioUITests";
				PRODUCT_NAME = "$(TARGET_NAME)";
				SWIFT_EMIT_LOC_STRINGS = NO;
				SWIFT_VERSION = 5.0;
				TARGETED_DEVICE_FAMILY = "1,2";
				TEST_TARGET_NAME = Aula07_Desafio;
			};
			name = Release;
		};
/* End XCBuildConfiguration section */

/* Begin XCConfigurationList section */
		404E11032C1D03670032B82E /* Build configuration list for PBXProject "Aula07_Desafio" */ = {
			isa = XCConfigurationList;
			buildConfigurations = (
				404E112A2C1D03690032B82E /* Debug */,
				404E112B2C1D03690032B82E /* Release */,
			);
			defaultConfigurationIsVisible = 0;
			defaultConfigurationName = Release;
		};
		404E112C2C1D03690032B82E /* Build configuration list for PBXNativeTarget "Aula07_Desafio" */ = {
			isa = XCConfigurationList;
			buildConfigurations = (
				404E112D2C1D03690032B82E /* Debug */,
				404E112E2C1D03690032B82E /* Release */,
			);
			defaultConfigurationIsVisible = 0;
			defaultConfigurationName = Release;
		};
		404E112F2C1D03690032B82E /* Build configuration list for PBXNativeTarget "Aula07_DesafioTests" */ = {
			isa = XCConfigurationList;
			buildConfigurations = (
				404E11302C1D03690032B82E /* Debug */,
				404E11312C1D03690032B82E /* Release */,
			);
			defaultConfigurationIsVisible = 0;
			defaultConfigurationName = Release;
		};
		404E11322C1D03690032B82E /* Build configuration list for PBXNativeTarget "Aula07_DesafioUITests" */ = {
			isa = XCConfigurationList;
			buildConfigurations = (
				404E11332C1D03690032B82E /* Debug */,
				404E11342C1D03690032B82E /* Release */,
			);
			defaultConfigurationIsVisible = 0;
			defaultConfigurationName = Release;
		};
/* End XCConfigurationList section */
	};
	rootObject = 404E11002C1D03670032B82E /* Project object */;
}
